PODS:
  - AliyunOSSiOS (2.10.8)
  - ElingIM (1.0.1):
    - AliyunOSSiOS (~> 2.10.8)
    - FMDB (~> 2.7.5)
    - MJExtension (~> 3.2.1)
    - XCApplicationHelper (~> 0.0.1)
    - XCCategory (~> 1.0.8)
    - XCDateUnit (~> 0.0.5)
    - XCMacros (~> 1.0.5)
  - FMDB (2.7.5):
    - FMDB/standard (= 2.7.5)
  - FMDB/standard (2.7.5)
  - IQKeyboardManager (6.5.5)
  - JGProgressHUD (2.0.4)
  - Masonry (1.1.0)
  - MJExtension (3.2.1)
  - MJRefresh (3.4.3)
  - SDWebImage (5.8.0):
    - SDWebImage/Core (= 5.8.0)
  - SDWebImage/Core (5.8.0)
  - XCApplicationHelper (0.0.1):
    - XCMacros (~> 1.0.2)
  - XCBaseModule/Tools (0.0.11):
    - XCMacros (~> 1.0.2)
  - XCCategory (1.0.8)
  - XCCountdownButton (2.0.1)
  - XCCustomItemView (0.0.3)
  - XCDateUnit (0.0.5)
  - XCMacros (1.0.5)
  - XCPhotoBrowser (1.0.7):
    - SDWebImage (~> 5.8.0)
    - XCProgressHUD (~> 0.0.4)
  - XCPresentation (2.0.2)
  - XCProgressHUD (0.0.4):
    - JGProgressHUD (~> 2.0.2)
  - XCSettingView (1.0.3)

DEPENDENCIES:
  - ElingIM (~> 1.0.1)
  - IQKeyboardManager (~> 6.5.5)
  - Masonry (~> 1.1.0)
  - MJRefresh (~> 3.4.1)
  - XCBaseModule/Tools
  - XCCountdownButton (~> 2.0.1)
  - XCCustomItemView (~> 0.0.3)
  - XCPhotoBrowser (~> 1.0.6)
  - XCPresentation (~> 2.0.1)
  - XCSettingView (~> 1.0.3)

SPEC REPOS:
  https://github.com/cocoapods/specs.git:
    - AliyunOSSiOS
    - ElingIM
    - FMDB
    - IQKeyboardManager
    - JGProgressHUD
    - Masonry
    - MJExtension
    - MJRefresh
    - SDWebImage
    - XCApplicationHelper
    - XCBaseModule
    - XCCategory
    - XCCountdownButton
    - XCCustomItemView
    - XCDateUnit
    - XCMacros
    - XCPhotoBrowser
    - XCPresentation
    - XCProgressHUD
    - XCSettingView

SPEC CHECKSUMS:
  AliyunOSSiOS: 8db92936545593b9e5c66d680ef2ac0738946651
  ElingIM: 83ec4f72d1aff34a9c8a7af41e6090aff6cb3313
  FMDB: 2ce00b547f966261cd18927a3ddb07cb6f3db82a
  IQKeyboardManager: 3a8b9e603f8b0eeaf5f096a1f2b2cfcf121992ef
  JGProgressHUD: 62658b14e72cccf179efc7a13bcb54d30b92fc22
  Masonry: 678fab65091a9290e40e2832a55e7ab731aad201
  MJExtension: 635f2c663dcb1bf76fa4b715b2570a5710aec545
  MJRefresh: 53e3e3219f204425ee6d3e62e8733d3295944cd6
  SDWebImage: 84000f962cbfa70c07f19d2234cbfcf5d779b5dc
  XCApplicationHelper: efb0448e7a892a3ca6c541be7e371c0445a1acc7
  XCBaseModule: b922226140e2dd572a318b09c498c93a23cfb999
  XCCategory: a8f630c77523305d4f681e41027e6b87934c884e
  XCCountdownButton: 15382f3c30c922ca10d5a5282906c77bb966d3dd
  XCCustomItemView: a2ec3d42590fb46d9297575b4019edab8aa2eb33
  XCDateUnit: 701ba55ff43947a50766d68f40cbffa801f85a5b
  XCMacros: 65ea17822e4de6e1e12cacf05d57b619ef196c2f
  XCPhotoBrowser: a603d9888bfd54b6f7b1bc467feb66d06d9b3da4
  XCPresentation: 1ddfddfdd7e7cf8a500b02007805171664b64623
  XCProgressHUD: 1553a22a8c70856557a8509edcf06271e98ff3fa
  XCSettingView: 31d79fe21db1f08b769971b112e7dac1715ee9f0

PODFILE CHECKSUM: 9e8a0e6722520ff32069c649de60cd17a51549b7

COCOAPODS: 1.6.0
